
Microsoft Visual Studio Solution File, Format Version 11.00
# Visual C++ Express 2010
Project("{8BC9CEB8-8B4A-11D0-8D11-00A0C91BC942}") = "SQLite", "SQLite.vcxproj", "{82EEA8B8-0FA4-E15D-A58C-8139C44C547E}"
EndProject
Global
	GlobalSection(SolutionConfigurationPlatforms) = preSolution
		Debug|Win32 = Debug|Win32
		Release|Win32 = Release|Win32
	EndGlobalSection
	GlobalSection(ProjectConfigurationPlatforms) = postSolution
		{82EEA8B8-0FA4-E15D-A58C-8139C44C547E}.Debug|Win32.ActiveCfg = Debug|Win32
		{82EEA8B8-0FA4-E15D-A58C-8139C44C547E}.Debug|Win32.Build.0 = Debug|Win32
		{82EEA8B8-0FA4-E15D-A58C-8139C44C547E}.Release|Win32.ActiveCfg = Release|Win32
		{82EEA8B8-0FA4-E15D-A58C-8139C44C547E}.Release|Win32.Build.0 = Release|Win32
	EndGlobalSection
	GlobalSection(SolutionProperties) = preSolution
		HideSolutionNode = FALSE
	EndGlobalSection
EndGlobal
